[[package]]
name = "llvmlite"
version = "0.39.0"
description = "lightweight wrapper around basic LLVM functionality"
category = "main"
optional = false
python-versions = ">=3.7"

[[package]]
name = "numba"
version = "0.56.0"
description = "compiling Python code using LLVM"
category = "main"
optional = false
python-versions = ">=3.7"

[package.dependencies]
llvmlite = ">=0.39.0dev0,<0.40"
numpy = ">=1.18,<1.23"

[[package]]
name = "numpy"
version = "1.21.6"
description = "NumPy is the fundamental package for array computing with Python."
category = "main"
optional = false
python-versions = ">=3.7,<3.11"

[metadata]
lock-version = "1.1"
python-versions = "~3.9"
content-hash = "cef32179d7c91411fa6c51aabd9ae535583752e2e1163600441021c995f5881d"

[metadata.files]
llvmlite = [
    {file = "llvmlite-0.39.0-cp310-cp310-macosx_10_9_x86_64.whl", hash = "sha256:589f08a1b1920e6004735819ce9aafdd85d030d4a231c1e7adaca9360724b1ed"},
    {file = "llvmlite-0.39.0-cp310-cp310-macosx_11_0_arm64.whl", hash = "sha256:44a9a5cbe76db8ba01a5f6fa21649d91aa8a2634cc6f3a60291797e42e67d79e"},
    {file = "llvmlite-0.39.0-cp310-cp310-manylinux_2_17_aarch64.manylinux2014_aarch64.whl", hash = "sha256:74d89f2ec4734d3e200fb90ea0b3ca5e9be40f3b3e50eb368ca9002ed5b3e4f8"},
    {file = "llvmlite-0.39.0-cp310-cp310-manylinux_2_17_i686.manylinux2014_i686.whl", hash = "sha256:8b4cb4f433b48792f02ec4ab619b86b145689302a3088a3f3853f50df6c2559d"},
    {file = "llvmlite-0.39.0-cp310-cp310-manylinux_2_17_x86_64.manylinux2014_x86_64.whl", hash = "sha256:35db4122182cc5112912a3ec94a3c18eab9a990bd588bfda8445087c1b748563"},
    {file = "llvmlite-0.39.0-cp310-cp310-win32.whl", hash = "sha256:c00bf7a8dc56b4b3618c65b67e75046410f751512871d9e23919cf1feb1007b2"},
    {file = "llvmlite-0.39.0-cp310-cp310-win_amd64.whl", hash = "sha256:72bd2e5db9790344ec39cef77098486635853829ecb0e66e6fa516488ff6dd9e"},
    {file = "llvmlite-0.39.0-cp37-cp37m-macosx_10_9_x86_64.whl", hash = "sha256:53c7c608baffdcdc2213926f4e3600036d4048aed08d6209b9f76a5439e529d6"},
    {file = "llvmlite-0.39.0-cp37-cp37m-manylinux_2_17_aarch64.manylinux2014_aarch64.whl", hash = "sha256:c3bbd23e42593f85a842614d8ddb2b2943630e4c4c8418ea0d8cf1dce9f2fa7a"},
    {file = "llvmlite-0.39.0-cp37-cp37m-manylinux_2_17_i686.manylinux2014_i686.whl", hash = "sha256:d733eb9c02bb8b01373228a1339901b1e50be4581105239c6052b9573ddb9298"},
    {file = "llvmlite-0.39.0-cp37-cp37m-manylinux_2_17_x86_64.manylinux2014_x86_64.whl", hash = "sha256:f575fcb9bebe5bcbe20373c56ad3ebf63bae0e27d3c22c1a4dc27fa4666d0324"},
    {file = "llvmlite-0.39.0-cp37-cp37m-win32.whl", hash = "sha256:5ca4ea962da6ec3b007bedab17065781803d71159b03435f24ce6845cf3d1c66"},
    {file = "llvmlite-0.39.0-cp37-cp37m-win_amd64.whl", hash = "sha256:8e461608135859ac40e39211d9c63a1ce35176513f6b8be87efb554d4af3a388"},
    {file = "llvmlite-0.39.0-cp38-cp38-macosx_10_9_x86_64.whl", hash = "sha256:62a11b8e9e5fc4783d94da45d94c5a047ce6ccc4c112ae5f764109e9405fcc2c"},
    {file = "llvmlite-0.39.0-cp38-cp38-macosx_11_0_arm64.whl", hash = "sha256:9272b7e344d12b36dafeb6911054eff32d2a9be7256a2866f0c09d08f945e17f"},
    {file = "llvmlite-0.39.0-cp38-cp38-manylinux_2_17_aarch64.manylinux2014_aarch64.whl", hash = "sha256:3df59a7c2b60764fb9eeaf9c442d757eca1f3e87298d4f88849203667528581e"},
    {file = "llvmlite-0.39.0-cp38-cp38-manylinux_2_17_i686.manylinux2014_i686.whl", hash = "sha256:4cfd6688efd0f551168dd8626f386464aef25663268a2400c0f6a089b97a73dc"},
    {file = "llvmlite-0.39.0-cp38-cp38-manylinux_2_17_x86_64.manylinux2014_x86_64.whl", hash = "sha256:c7292b394956749e51ae3d51a2085932a0e3261108b35eda61d702c1b977102c"},
    {file = "llvmlite-0.39.0-cp38-cp38-win32.whl", hash = "sha256:f8e9463a7d0152994b6f7d630012297bb160db237ad9ca8e75c8dceef7a747cf"},
    {file = "llvmlite-0.39.0-cp38-cp38-win_amd64.whl", hash = "sha256:8d8149fdaab40ae48ea4ec816ae2ae5d36d664795e1b1dfb911fc2c62bc73184"},
    {file = "llvmlite-0.39.0-cp39-cp39-macosx_10_9_x86_64.whl", hash = "sha256:0929e3c26bcafb53545c77bcf7020b943dcefcf8d7d3010f414384458f805cc1"},
    {file = "llvmlite-0.39.0-cp39-cp39-macosx_11_0_arm64.whl", hash = "sha256:56ea23c6bbcd25a7c050a26b6effe836a575a33183744cbc28fb21358b3801f8"},
    {file = "llvmlite-0.39.0-cp39-cp39-manylinux_2_17_aarch64.manylinux2014_aarch64.whl", hash = "sha256:2f82d605c5d6c8df96fe19bc3a61c934580e24cafa694cbf79cb227cdc0e426a"},
    {file = "llvmlite-0.39.0-cp39-cp39-manylinux_2_17_i686.manylinux2014_i686.whl", hash = "sha256:e7f7a7278ba6d75533be46abc3d9e242030ab017f0016dd081b55f821cc03be9"},
    {file = "llvmlite-0.39.0-cp39-cp39-manylinux_2_17_x86_64.manylinux2014_x86_64.whl", hash = "sha256:56ccfe736a12aef2e39450a22e4c027eee4f488c5786c81d0b18ff8a6cf52531"},
    {file = "llvmlite-0.39.0-cp39-cp39-win32.whl", hash = "sha256:0706abf522dc510ddc818f5c9e1cdae521a1416d3c399bbfc4827813379f0164"},
    {file = "llvmlite-0.39.0-cp39-cp39-win_amd64.whl", hash = "sha256:d4a8199263859b97f174035e39297e770617d3497fac44fe738f74ce9c51d22b"},
    {file = "llvmlite-0.39.0.tar.gz", hash = "sha256:01098be54f1aa25e391cebba8ea71cd1533f8cd1f50e34c7dd7540c2560a93af"},
]
numba = [
    {file = "numba-0.56.0-cp310-cp310-macosx_10_14_x86_64.whl", hash = "sha256:885174997a1c875f8fa56d17451c96001c571090083e59c5973eeb26616a88e8"},
    {file = "numba-0.56.0-cp310-cp310-macosx_11_0_arm64.whl", hash = "sha256:f9696d2d800860f1820127190dc58d4b754cff98d913c11e0c00cfd5273b607a"},
    {file = "numba-0.56.0-cp310-cp310-manylinux2014_aarch64.manylinux_2_17_aarch64.whl", hash = "sha256:606b746e4799ea734dcb57bc1182d4af9192b8634ddefbc8790048c157a442c6"},
    {file = "numba-0.56.0-cp310-cp310-manylinux2014_i686.manylinux_2_17_i686.whl", hash = "sha256:452b076b082cb91476c309c90a5ecb1094608e777c7b6d1b38a11b3d90585826"},
    {file = "numba-0.56.0-cp310-cp310-manylinux2014_x86_64.manylinux_2_17_x86_64.whl", hash = "sha256:a4482b921644c8415e15ccf180d866ea95fc499fe29ca5f27a9aa61aa484133e"},
    {file = "numba-0.56.0-cp310-cp310-win32.whl", hash = "sha256:50e156bc1d29457a5db25d2df8745e0caa178ef8c9cd2507236eda4cdb1aa05e"},
    {file = "numba-0.56.0-cp310-cp310-win_amd64.whl", hash = "sha256:f3558988e9d05efb2d552ed747124e4d2f0313b6664451a995f971904aeb83f6"},
    {file = "numba-0.56.0-cp37-cp37m-macosx_10_14_x86_64.whl", hash = "sha256:4fd22a209dda8a662392fd06db426c13be029cd0a0a5d8d4eb5d6da4813093a4"},
    {file = "numba-0.56.0-cp37-cp37m-manylinux2014_aarch64.manylinux_2_17_aarch64.whl", hash = "sha256:bb07dce1492ebaf3890859178c9bbe8f45d5b9075c6745372ee4c735a785ce07"},
    {file = "numba-0.56.0-cp37-cp37m-manylinux2014_i686.manylinux_2_17_i686.whl", hash = "sha256:aa7cd6ca961072f6c073d9fc501b9c019d9140276ef782ba7913e786ca71a84a"},
    {file = "numba-0.56.0-cp37-cp37m-manylinux2014_x86_64.manylinux_2_17_x86_64.whl", hash = "sha256:bc09a025e11627fdca888e8d49dae16d2a3dcc5b58f95627ee37e1637e281d9d"},
    {file = "numba-0.56.0-cp37-cp37m-win32.whl", hash = "sha256:4393f4c8a46f454a9f3007f442506b19803fffd72f3e241607b1d42162ca0bb2"},
    {file = "numba-0.56.0-cp37-cp37m-win_amd64.whl", hash = "sha256:3785329ee5f71321f672ccf27ea05ac80df84b8d20f5f6fdcf863d01cc0e64ce"},
    {file = "numba-0.56.0-cp38-cp38-macosx_10_14_x86_64.whl", hash = "sha256:949f03f7744a0ec3257e87ac2da7ca82c599a9da679321bf120caf0df1f16d2c"},
    {file = "numba-0.56.0-cp38-cp38-macosx_11_0_arm64.whl", hash = "sha256:c72fddecd4499efc8ace9f54ef46fefdae6690e687f378e20314bddde4d13ee6"},
    {file = "numba-0.56.0-cp38-cp38-manylinux2014_aarch64.manylinux_2_17_aarch64.whl", hash = "sha256:c5fc5c14b7d9ab9a71519c1203bc1b28f80893693ef0b1b660a9d464e18b6a0d"},
    {file = "numba-0.56.0-cp38-cp38-manylinux2014_i686.manylinux_2_17_i686.whl", hash = "sha256:1ae20b2e811b707632ca2a80a62b4f60bff98af71e28690541e427c336c464e7"},
    {file = "numba-0.56.0-cp38-cp38-manylinux2014_x86_64.manylinux_2_17_x86_64.whl", hash = "sha256:1f7f5fcc4d69a2d59182e566e68f87cfde09d25f952a00c70c679d046664b12d"},
    {file = "numba-0.56.0-cp38-cp38-win32.whl", hash = "sha256:e45395d77a91fc9d91d8ab1c90de14579f312bd23d6122856737e227d599c726"},
    {file = "numba-0.56.0-cp38-cp38-win_amd64.whl", hash = "sha256:b963149ddb7d26eca1aff0b1f54e8d6e5020e8a459d724f58f6adb157f36c27c"},
    {file = "numba-0.56.0-cp39-cp39-macosx_10_14_x86_64.whl", hash = "sha256:4a613ff04d32e160a4bf2fcc5f805a03d9e3e3d8f2d3c9a742407880e66d8e0f"},
    {file = "numba-0.56.0-cp39-cp39-macosx_11_0_arm64.whl", hash = "sha256:f4c6c0ba5950c2d92d4688162887f194798abf5039fd94060a31bade91ef8638"},
    {file = "numba-0.56.0-cp39-cp39-manylinux2014_aarch64.manylinux_2_17_aarch64.whl", hash = "sha256:e06b6ffc0c3efda7b8b1c41b5244c856cf9e04efa77c48d6f788ef3a003704c7"},
    {file = "numba-0.56.0-cp39-cp39-manylinux2014_i686.manylinux_2_17_i686.whl", hash = "sha256:34627da15052dc0480640e35bc1be72b9cfc253dedea8d15891f0066e5d1f58f"},
    {file = "numba-0.56.0-cp39-cp39-manylinux2014_x86_64.manylinux_2_17_x86_64.whl", hash = "sha256:cba64cd7dadfe5fa71a51d1b641e6535f47ee7e61537d5d62d2af3fb3d5fbd02"},
    {file = "numba-0.56.0-cp39-cp39-win32.whl", hash = "sha256:f44b6da86911098eaf910e6e56c5db1d6b851266377880513660f4f8312cadb8"},
    {file = "numba-0.56.0-cp39-cp39-win_amd64.whl", hash = "sha256:8994db76f36d043e883b81784954057893e34de4accd27d35ac2cf27093f40e3"},
    {file = "numba-0.56.0.tar.gz", hash = "sha256:87a647dd4b8fce389869ff71f117732de9a519fe07663d9a02d75724eb8e244d"},
]
numpy = [
    {file = "numpy-1.21.6-cp310-cp310-macosx_10_9_universal2.whl", hash = "sha256:8737609c3bbdd48e380d463134a35ffad3b22dc56295eff6f79fd85bd0eeeb25"},
    {file = "numpy-1.21.6-cp310-cp310-macosx_10_9_x86_64.whl", hash = "sha256:fdffbfb6832cd0b300995a2b08b8f6fa9f6e856d562800fea9182316d99c4e8e"},
    {file = "numpy-1.21.6-cp310-cp310-macosx_11_0_arm64.whl", hash = "sha256:3820724272f9913b597ccd13a467cc492a0da6b05df26ea09e78b171a0bb9da6"},
    {file = "numpy-1.21.6-cp310-cp310-manylinux_2_17_aarch64.manylinux2014_aarch64.whl", hash = "sha256:f17e562de9edf691a42ddb1eb4a5541c20dd3f9e65b09ded2beb0799c0cf29bb"},
    {file = "numpy-1.21.6-cp310-cp310-manylinux_2_17_x86_64.manylinux2014_x86_64.whl", hash = "sha256:5f30427731561ce75d7048ac254dbe47a2ba576229250fb60f0fb74db96501a1"},
    {file = "numpy-1.21.6-cp310-cp310-win32.whl", hash = "sha256:d4bf4d43077db55589ffc9009c0ba0a94fa4908b9586d6ccce2e0b164c86303c"},
    {file = "numpy-1.21.6-cp310-cp310-win_amd64.whl", hash = "sha256:d136337ae3cc69aa5e447e78d8e1514be8c3ec9b54264e680cf0b4bd9011574f"},
    {file = "numpy-1.21.6-cp37-cp37m-macosx_10_9_x86_64.whl", hash = "sha256:6aaf96c7f8cebc220cdfc03f1d5a31952f027dda050e5a703a0d1c396075e3e7"},
    {file = "numpy-1.21.6-cp37-cp37m-manylinux_2_12_i686.manylinux2010_i686.whl", hash = "sha256:67c261d6c0a9981820c3a149d255a76918278a6b03b6a036800359aba1256d46"},
    {file = "numpy-1.21.6-cp37-cp37m-manylinux_2_12_x86_64.manylinux2010_x86_64.whl", hash = "sha256:a6be4cb0ef3b8c9250c19cc122267263093eee7edd4e3fa75395dfda8c17a8e2"},
    {file = "numpy-1.21.6-cp37-cp37m-manylinux_2_17_aarch64.manylinux2014_aarch64.whl", hash = "sha256:7c4068a8c44014b2d55f3c3f574c376b2494ca9cc73d2f1bd692382b6dffe3db"},
    {file = "numpy-1.21.6-cp37-cp37m-win32.whl", hash = "sha256:7c7e5fa88d9ff656e067876e4736379cc962d185d5cd808014a8a928d529ef4e"},
    {file = "numpy-1.21.6-cp37-cp37m-win_amd64.whl", hash = "sha256:bcb238c9c96c00d3085b264e5c1a1207672577b93fa666c3b14a45240b14123a"},
    {file = "numpy-1.21.6-cp38-cp38-macosx_10_9_universal2.whl", hash = "sha256:82691fda7c3f77c90e62da69ae60b5ac08e87e775b09813559f8901a88266552"},
    {file = "numpy-1.21.6-cp38-cp38-macosx_10_9_x86_64.whl", hash = "sha256:643843bcc1c50526b3a71cd2ee561cf0d8773f062c8cbaf9ffac9fdf573f83ab"},
    {file = "numpy-1.21.6-cp38-cp38-macosx_11_0_arm64.whl", hash = "sha256:357768c2e4451ac241465157a3e929b265dfac85d9214074985b1786244f2ef3"},
    {file = "numpy-1.21.6-cp38-cp38-manylinux_2_12_i686.manylinux2010_i686.whl", hash = "sha256:9f411b2c3f3d76bba0865b35a425157c5dcf54937f82bbeb3d3c180789dd66a6"},
    {file = "numpy-1.21.6-cp38-cp38-manylinux_2_12_x86_64.manylinux2010_x86_64.whl", hash = "sha256:4aa48afdce4660b0076a00d80afa54e8a97cd49f457d68a4342d188a09451c1a"},
    {file = "numpy-1.21.6-cp38-cp38-manylinux_2_17_aarch64.manylinux2014_aarch64.whl", hash = "sha256:d6a96eef20f639e6a97d23e57dd0c1b1069a7b4fd7027482a4c5c451cd7732f4"},
    {file = "numpy-1.21.6-cp38-cp38-win32.whl", hash = "sha256:5c3c8def4230e1b959671eb959083661b4a0d2e9af93ee339c7dada6759a9470"},
    {file = "numpy-1.21.6-cp38-cp38-win_amd64.whl", hash = "sha256:bf2ec4b75d0e9356edea834d1de42b31fe11f726a81dfb2c2112bc1eaa508fcf"},
    {file = "numpy-1.21.6-cp39-cp39-macosx_10_9_universal2.whl", hash = "sha256:4391bd07606be175aafd267ef9bea87cf1b8210c787666ce82073b05f202add1"},
    {file = "numpy-1.21.6-cp39-cp39-macosx_10_9_x86_64.whl", hash = "sha256:67f21981ba2f9d7ba9ade60c9e8cbaa8cf8e9ae51673934480e45cf55e953673"},
    {file = "numpy-1.21.6-cp39-cp39-macosx_11_0_arm64.whl", hash = "sha256:ee5ec40fdd06d62fe5d4084bef4fd50fd4bb6bfd2bf519365f569dc470163ab0"},
    {file = "numpy-1.21.6-cp39-cp39-manylinux_2_12_i686.manylinux2010_i686.whl", hash = "sha256:1dbe1c91269f880e364526649a52eff93ac30035507ae980d2fed33aaee633ac"},
    {file = "numpy-1.21.6-cp39-cp39-manylinux_2_12_x86_64.manylinux2010_x86_64.whl", hash = "sha256:d9caa9d5e682102453d96a0ee10c7241b72859b01a941a397fd965f23b3e016b"},
    {file = "numpy-1.21.6-cp39-cp39-manylinux_2_17_aarch64.manylinux2014_aarch64.whl", hash = "sha256:58459d3bad03343ac4b1b42ed14d571b8743dc80ccbf27444f266729df1d6f5b"},
    {file = "numpy-1.21.6-cp39-cp39-win32.whl", hash = "sha256:7f5ae4f304257569ef3b948810816bc87c9146e8c446053539947eedeaa32786"},
    {file = "numpy-1.21.6-cp39-cp39-win_amd64.whl", hash = "sha256:e31f0bb5928b793169b87e3d1e070f2342b22d5245c755e2b81caa29756246c3"},
    {file = "numpy-1.21.6-pp37-pypy37_pp73-manylinux_2_12_x86_64.manylinux2010_x86_64.whl", hash = "sha256:dd1c8f6bd65d07d3810b90d02eba7997e32abbdf1277a481d698969e921a3be0"},
    {file = "numpy-1.21.6.zip", hash = "sha256:ecb55251139706669fdec2ff073c98ef8e9a84473e51e716211b41aa0f18e656"},
]
